
Microsoft Visual Studio Solution File, Format Version 12.00
Project("{FAE04EC0-301F-11D3-BF4B-00C04F79EFBC}") = "BaccoApp.UserManagement.Api", "BaccoApp.UserManagement.Api\BaccoApp.UserManagement.Api.csproj", "{E1725D2B-0790-4AA6-8F75-C932356FD99A}"
EndProject
Project("{FAE04EC0-301F-11D3-BF4B-00C04F79EFBC}") = "BaccoApp.UserManagement.Domain", "BaccoApp.UserManagement.Domain\BaccoApp.UserManagement.Domain.csproj", "{B7CAA75D-EDE3-422A-8EF2-2B7B5A52E8BE}"
EndProject
Global
	GlobalSection(SolutionConfigurationPlatforms) = preSolution
		Debug|Any CPU = Debug|Any CPU
		Release|Any CPU = Release|Any CPU
	EndGlobalSection
	GlobalSection(ProjectConfigurationPlatforms) = postSolution
		{E1725D2B-0790-4AA6-8F75-C932356FD99A}.Debug|Any CPU.ActiveCfg = Debug|Any CPU
		{E1725D2B-0790-4AA6-8F75-C932356FD99A}.Debug|Any CPU.Build.0 = Debug|Any CPU
		{E1725D2B-0790-4AA6-8F75-C932356FD99A}.Release|Any CPU.ActiveCfg = Release|Any CPU
		{E1725D2B-0790-4AA6-8F75-C932356FD99A}.Release|Any CPU.Build.0 = Release|Any CPU
		{B7CAA75D-EDE3-422A-8EF2-2B7B5A52E8BE}.Debug|Any CPU.ActiveCfg = Debug|Any CPU
		{B7CAA75D-EDE3-422A-8EF2-2B7B5A52E8BE}.Debug|Any CPU.Build.0 = Debug|Any CPU
		{B7CAA75D-EDE3-422A-8EF2-2B7B5A52E8BE}.Release|Any CPU.ActiveCfg = Release|Any CPU
		{B7CAA75D-EDE3-422A-8EF2-2B7B5A52E8BE}.Release|Any CPU.Build.0 = Release|Any CPU
	EndGlobalSection
EndGlobal
